
Microsoft Visual Studio Solution File, Format Version 12.00
# Visual Studio Version 17
VisualStudioVersion = 17.5.33424.131
MinimumVisualStudioVersion = 10.0.40219.1
Project("{9A19103F-16F7-4668-BE54-9A1E7A4F7556}") = "RapFinands", "RapFinands.csproj", "{9908D581-5318-4547-9877-1F9A9E12BFCF}"
EndProject
Global
	GlobalSection(SolutionConfigurationPlatforms) = preSolution
		Debug|Any CPU = Debug|Any CPU
		Release|Any CPU = Release|Any CPU
	EndGlobalSection
	GlobalSection(ProjectConfigurationPlatforms) = postSolution
		{9908D581-5318-4547-9877-1F9A9E12BFCF}.Debug|Any CPU.ActiveCfg = Debug|Any CPU
		{9908D581-5318-4547-9877-1F9A9E12BFCF}.Debug|Any CPU.Build.0 = Debug|Any CPU
		{9908D581-5318-4547-9877-1F9A9E12BFCF}.Release|Any CPU.ActiveCfg = Release|Any CPU
		{9908D581-5318-4547-9877-1F9A9E12BFCF}.Release|Any CPU.Build.0 = Release|Any CPU
	EndGlobalSection
	GlobalSection(SolutionProperties) = preSolution
		HideSolutionNode = FALSE
	EndGlobalSection
	GlobalSection(ExtensibilityGlobals) = postSolution
		SolutionGuid = {11F154D2-ABF3-4DCD-9898-3EDADED48186}
	EndGlobalSection
EndGlobal
